
Microsoft Visual Studio Solution File, Format Version 12.00
# Visual Studio Version 17
VisualStudioVersion = 17.7.34009.444
MinimumVisualStudioVersion = 10.0.40219.1
Project("{FAE04EC0-301F-11D3-BF4B-00C04F79EFBC}") = "Linq2db.Web.Api", "Linq2db.Web.Api\Linq2db.Web.Api.csproj", "{F72F4904-5F29-4BB5-8E12-13F121D0630A}"
EndProject
Global
	GlobalSection(SolutionConfigurationPlatforms) = preSolution
		Debug|Any CPU = Debug|Any CPU
		Release|Any CPU = Release|Any CPU
	EndGlobalSection
	GlobalSection(ProjectConfigurationPlatforms) = postSolution
		{F72F4904-5F29-4BB5-8E12-13F121D0630A}.Debug|Any CPU.ActiveCfg = Debug|Any CPU
		{F72F4904-5F29-4BB5-8E12-13F121D0630A}.Debug|Any CPU.Build.0 = Debug|Any CPU
		{F72F4904-5F29-4BB5-8E12-13F121D0630A}.Release|Any CPU.ActiveCfg = Release|Any CPU
		{F72F4904-5F29-4BB5-8E12-13F121D0630A}.Release|Any CPU.Build.0 = Release|Any CPU
	EndGlobalSection
	GlobalSection(SolutionProperties) = preSolution
		HideSolutionNode = FALSE
	EndGlobalSection
	GlobalSection(ExtensibilityGlobals) = postSolution
		SolutionGuid = {211CED8F-7C25-43A7-98FE-7B6FD9EB331C}
	EndGlobalSection
EndGlobal
